
Microsoft Visual Studio Solution File, Format Version 12.00
# Visual Studio Version 17
VisualStudioVersion = 17.7.34024.191
MinimumVisualStudioVersion = 10.0.40219.1
Project("{9A19103F-16F7-4668-BE54-9A1E7A4F7556}") = "HockeyData", "HockeyData\HockeyData.csproj", "{C24A22C9-4E4A-4B6C-8BEA-BC9A0AC12B9E}"
EndProject
Project("{9A19103F-16F7-4668-BE54-9A1E7A4F7556}") = "Utilities", "Utilities\Utilities.csproj", "{12D941A9-D158-4C8C-926A-26C1118EBC0E}"
EndProject
Project("{9A19103F-16F7-4668-BE54-9A1E7A4F7556}") = "ConsoleApp", "ConsoleApp\ConsoleApp.csproj", "{D8D743BA-8C72-44B9-AC04-86C7BD13D91A}"
EndProject
Project("{9A19103F-16F7-4668-BE54-9A1E7A4F7556}") = "HockeyTestProject", "HockeyPlayerTest\HockeyTestProject.csproj", "{4835101D-0EDF-4F4F-BC29-8134BE0CDCE4}"
EndProject
Project("{9A19103F-16F7-4668-BE54-9A1E7A4F7556}") = "UtilitesTestProject", "UtilitesTestProject\UtilitesTestProject.csproj", "{8E656920-CEBD-4A11-AB9C-D1C8AC9F925D}"
EndProject
Project("{9A19103F-16F7-4668-BE54-9A1E7A4F7556}") = "BlazerSampleApp", "BlazerSampleApp\BlazerSampleApp.csproj", "{0A970050-43B4-466D-837F-B2C0AEC36D72}"
EndProject
Global
	GlobalSection(SolutionConfigurationPlatforms) = preSolution
		Debug|Any CPU = Debug|Any CPU
		Release|Any CPU = Release|Any CPU
	EndGlobalSection
	GlobalSection(ProjectConfigurationPlatforms) = postSolution
		{C24A22C9-4E4A-4B6C-8BEA-BC9A0AC12B9E}.Debug|Any CPU.ActiveCfg = Debug|Any CPU
		{C24A22C9-4E4A-4B6C-8BEA-BC9A0AC12B9E}.Debug|Any CPU.Build.0 = Debug|Any CPU
		{C24A22C9-4E4A-4B6C-8BEA-BC9A0AC12B9E}.Release|Any CPU.ActiveCfg = Release|Any CPU
		{C24A22C9-4E4A-4B6C-8BEA-BC9A0AC12B9E}.Release|Any CPU.Build.0 = Release|Any CPU
		{12D941A9-D158-4C8C-926A-26C1118EBC0E}.Debug|Any CPU.ActiveCfg = Debug|Any CPU
		{12D941A9-D158-4C8C-926A-26C1118EBC0E}.Debug|Any CPU.Build.0 = Debug|Any CPU
		{12D941A9-D158-4C8C-926A-26C1118EBC0E}.Release|Any CPU.ActiveCfg = Release|Any CPU
		{12D941A9-D158-4C8C-926A-26C1118EBC0E}.Release|Any CPU.Build.0 = Release|Any CPU
		{D8D743BA-8C72-44B9-AC04-86C7BD13D91A}.Debug|Any CPU.ActiveCfg = Debug|Any CPU
		{D8D743BA-8C72-44B9-AC04-86C7BD13D91A}.Debug|Any CPU.Build.0 = Debug|Any CPU
		{D8D743BA-8C72-44B9-AC04-86C7BD13D91A}.Release|Any CPU.ActiveCfg = Release|Any CPU
		{D8D743BA-8C72-44B9-AC04-86C7BD13D91A}.Release|Any CPU.Build.0 = Release|Any CPU
		{4835101D-0EDF-4F4F-BC29-8134BE0CDCE4}.Debug|Any CPU.ActiveCfg = Debug|Any CPU
		{4835101D-0EDF-4F4F-BC29-8134BE0CDCE4}.Debug|Any CPU.Build.0 = Debug|Any CPU
		{4835101D-0EDF-4F4F-BC29-8134BE0CDCE4}.Release|Any CPU.ActiveCfg = Release|Any CPU
		{4835101D-0EDF-4F4F-BC29-8134BE0CDCE4}.Release|Any CPU.Build.0 = Release|Any CPU
		{8E656920-CEBD-4A11-AB9C-D1C8AC9F925D}.Debug|Any CPU.ActiveCfg = Debug|Any CPU
		{8E656920-CEBD-4A11-AB9C-D1C8AC9F925D}.Debug|Any CPU.Build.0 = Debug|Any CPU
		{8E656920-CEBD-4A11-AB9C-D1C8AC9F925D}.Release|Any CPU.ActiveCfg = Release|Any CPU
		{8E656920-CEBD-4A11-AB9C-D1C8AC9F925D}.Release|Any CPU.Build.0 = Release|Any CPU
		{0A970050-43B4-466D-837F-B2C0AEC36D72}.Debug|Any CPU.ActiveCfg = Debug|Any CPU
		{0A970050-43B4-466D-837F-B2C0AEC36D72}.Debug|Any CPU.Build.0 = Debug|Any CPU
		{0A970050-43B4-466D-837F-B2C0AEC36D72}.Release|Any CPU.ActiveCfg = Release|Any CPU
		{0A970050-43B4-466D-837F-B2C0AEC36D72}.Release|Any CPU.Build.0 = Release|Any CPU
	EndGlobalSection
	GlobalSection(SolutionProperties) = preSolution
		HideSolutionNode = FALSE
	EndGlobalSection
	GlobalSection(ExtensibilityGlobals) = postSolution
		SolutionGuid = {B44C65EA-E77E-4CD2-B756-78367BA84BE1}
	EndGlobalSection
EndGlobal
